{
  "nodes": {
    "nixpkgs": {
      "locked": {
        "lastModified": 1770594190,
        "narHash": "sha256-kVPJlmzoOAXicY0bM01Ck/YNpEt1ZS51jF2yoKEZ+BM=",
        "owner": "NixOS",
        "repo": "nixpkgs",
        "rev": "aa8947aa8877f82c08504b69f72e5834a44e4772",
        "type": "github"
      },
      "original": {
        "owner": "NixOS",
        "ref": "release-25.11",
        "repo": "nixpkgs",
        "type": "github"
      }
    },
    "root": {
      "inputs": {
        "nixpkgs": "nixpkgs"
      }
    }
  },
  "root": "root",
  "version": 7
}
